// !$*UTF8*$!
{
	archiveVersion = 1;
	classes = {
	};
	objectVersion = 46;
	objects = {

/* Begin PBXBuildFile section */
		58179290181118FC002F381C /* libTestFlight.a in Frameworks */ = {isa = PBXBuildFile; fileRef = 5817928A181118FC002F381C /* libTestFlight.a */; };
		58179291181118FC002F381C /* README.md in Resources */ = {isa = PBXBuildFile; fileRef = 5817928B181118FC002F381C /* README.md */; };
		58179292181118FC002F381C /* release_notes.md in Resources */ = {isa = PBXBuildFile; fileRef = 5817928C181118FC002F381C /* release_notes.md */; };
		581792941811196D002F381C /* libz.dylib in Frameworks */ = {isa = PBXBuildFile; fileRef = 581792931811196D002F381C /* libz.dylib */; };
		58EB41001805133A006ACDEC /* UIKit.framework in Frameworks */ = {isa = PBXBuildFile; fileRef = 58EB40FF1805133A006ACDEC /* UIKit.framework */; };
		58EB41021805133A006ACDEC /* Foundation.framework in Frameworks */ = {isa = PBXBuildFile; fileRef = 58EB41011805133A006ACDEC /* Foundation.framework */; };
		58EB41041805133A006ACDEC /* CoreGraphics.framework in Frameworks */ = {isa = PBXBuildFile; fileRef = 58EB41031805133A006ACDEC /* CoreGraphics.framework */; };
		58EB410A1805133A006ACDEC /* InfoPlist.strings in Resources */ = {isa = PBXBuildFile; fileRef = 58EB41081805133A006ACDEC /* InfoPlist.strings */; };
		58EB410C1805133A006ACDEC /* main.m in Sources */ = {isa = PBXBuildFile; fileRef = 58EB410B1805133A006ACDEC /* main.m */; };
		58EB41101805133A006ACDEC /* ADAppDelegate.m in Sources */ = {isa = PBXBuildFile; fileRef = 58EB410F1805133A006ACDEC /* ADAppDelegate.m */; };
		58EB41121805133A006ACDEC /* Default.png in Resources */ = {isa = PBXBuildFile; fileRef = 58EB41111805133A006ACDEC /* Default.png */; };
		58EB41141805133A006ACDEC /* Default@2x.png in Resources */ = {isa = PBXBuildFile; fileRef = 58EB41131805133A006ACDEC /* Default@2x.png */; };
		58EB41161805133A006ACDEC /* Default-568h@2x.png in Resources */ = {isa = PBXBuildFile; fileRef = 58EB41151805133A006ACDEC /* Default-568h@2x.png */; };
		58EB411E1805133A006ACDEC /* SenTestingKit.framework in Frameworks */ = {isa = PBXBuildFile; fileRef = 58EB411D1805133A006ACDEC /* SenTestingKit.framework */; };
		58EB411F1805133A006ACDEC /* UIKit.framework in Frameworks */ = {isa = PBXBuildFile; fileRef = 58EB40FF1805133A006ACDEC /* UIKit.framework */; };
		58EB41201805133A006ACDEC /* Foundation.framework in Frameworks */ = {isa = PBXBuildFile; fileRef = 58EB41011805133A006ACDEC /* Foundation.framework */; };
		58EB41281805133A006ACDEC /* InfoPlist.strings in Resources */ = {isa = PBXBuildFile; fileRef = 58EB41261805133A006ACDEC /* InfoPlist.strings */; };
		58EB412B1805133A006ACDEC /* ADGuestListTests.m in Sources */ = {isa = PBXBuildFile; fileRef = 58EB412A1805133A006ACDEC /* ADGuestListTests.m */; };
		58EB4136180513B8006ACDEC /* ADItemsViewController.m in Sources */ = {isa = PBXBuildFile; fileRef = 58EB4135180513B8006ACDEC /* ADItemsViewController.m */; };
		58EB4139180515AC006ACDEC /* ADGuestItem.m in Sources */ = {isa = PBXBuildFile; fileRef = 58EB4138180515AC006ACDEC /* ADGuestItem.m */; };
		58EB413A180515AC006ACDEC /* ADGuestItem.m in Sources */ = {isa = PBXBuildFile; fileRef = 58EB4138180515AC006ACDEC /* ADGuestItem.m */; };
		58EB413D180516AA006ACDEC /* ADGuestStore.m in Sources */ = {isa = PBXBuildFile; fileRef = 58EB413C180516AA006ACDEC /* ADGuestStore.m */; };
		58EB413E180516AA006ACDEC /* ADGuestStore.m in Sources */ = {isa = PBXBuildFile; fileRef = 58EB413C180516AA006ACDEC /* ADGuestStore.m */; };
		58EB4162180CCD45006ACDEC /* ADDetailViewController.m in Sources */ = {isa = PBXBuildFile; fileRef = 58EB4160180CCD44006ACDEC /* ADDetailViewController.m */; };
		58EB4163180CCD45006ACDEC /* ADDetailViewController.xib in Resources */ = {isa = PBXBuildFile; fileRef = 58EB4161180CCD44006ACDEC /* ADDetailViewController.xib */; };
		58EB4166180E528E006ACDEC /* ADImageStore.m in Sources */ = {isa = PBXBuildFile; fileRef = 58EB4165180E528E006ACDEC /* ADImageStore.m */; };
/* End PBXBuildFile section */

/* Begin PBXContainerItemProxy section */
		58EB41211805133A006ACDEC /* PBXContainerItemProxy */ = {
			isa = PBXContainerItemProxy;
			containerPortal = 58EB40F41805133A006ACDEC /* Project object */;
			proxyType = 1;
			remoteGlobalIDString = 58EB40FB1805133A006ACDEC;
			remoteInfo = ADGuestList;
		};
/* End PBXContainerItemProxy section */

/* Begin PBXFileReference section */
		5817928A181118FC002F381C /* libTestFlight.a */ = {isa = PBXFileReference; lastKnownFileType = archive.ar; path = libTestFlight.a; sourceTree = "<group>"; };
		5817928B181118FC002F381C /* README.md */ = {isa = PBXFileReference; fileEncoding = 4; lastKnownFileType = text; path = README.md; sourceTree = "<group>"; };
		5817928C181118FC002F381C /* release_notes.md */ = {isa = PBXFileReference; fileEncoding = 4; lastKnownFileType = text; path = release_notes.md; sourceTree = "<group>"; };
		5817928D181118FC002F381C /* TestFlight+AsyncLogging.h */ = {isa = PBXFileReference; fileEncoding = 4; lastKnownFileType = sourcecode.c.h; path = "TestFlight+AsyncLogging.h"; sourceTree = "<group>"; };
		5817928E181118FC002F381C /* TestFlight+ManualSessions.h */ = {isa = PBXFileReference; fileEncoding = 4; lastKnownFileType = sourcecode.c.h; path = "TestFlight+ManualSessions.h"; sourceTree = "<group>"; };
		5817928F181118FC002F381C /* TestFlight.h */ = {isa = PBXFileReference; fileEncoding = 4; lastKnownFileType = sourcecode.c.h; path = TestFlight.h; sourceTree = "<group>"; };
		581792931811196D002F381C /* libz.dylib */ = {isa = PBXFileReference; lastKnownFileType = "compiled.mach-o.dylib"; name = libz.dylib; path = usr/lib/libz.dylib; sourceTree = SDKROOT; };
		58EB40FC1805133A006ACDEC /* ADGuestList.app */ = {isa = PBXFileReference; explicitFileType = wrapper.application; includeInIndex = 0; path = ADGuestList.app; sourceTree = BUILT_PRODUCTS_DIR; };
		58EB40FF1805133A006ACDEC /* UIKit.framework */ = {isa = PBXFileReference; lastKnownFileType = wrapper.framework; name = UIKit.framework; path = System/Library/Frameworks/UIKit.framework; sourceTree = SDKROOT; };
		58EB41011805133A006ACDEC /* Foundation.framework */ = {isa = PBXFileReference; lastKnownFileType = wrapper.framework; name = Foundation.framework; path = System/Library/Frameworks/Foundation.framework; sourceTree = SDKROOT; };
		58EB41031805133A006ACDEC /* CoreGraphics.framework */ = {isa = PBXFileReference; lastKnownFileType = wrapper.framework; name = CoreGraphics.framework; path = System/Library/Frameworks/CoreGraphics.framework; sourceTree = SDKROOT; };
		58EB41071805133A006ACDEC /* ADGuestList-Info.plist */ = {isa = PBXFileReference; lastKnownFileType = text.plist.xml; path = "ADGuestList-Info.plist"; sourceTree = "<group>"; };
		58EB41091805133A006ACDEC /* en */ = {isa = PBXFileReference; lastKnownFileType = text.plist.strings; name = en; path = en.lproj/InfoPlist.strings; sourceTree = "<group>"; };
		58EB410B1805133A006ACDEC /* main.m */ = {isa = PBXFileReference; lastKnownFileType = sourcecode.c.objc; path = main.m; sourceTree = "<group>"; };
		58EB410D1805133A006ACDEC /* ADGuestList-Prefix.pch */ = {isa = PBXFileReference; lastKnownFileType = sourcecode.c.h; path = "ADGuestList-Prefix.pch"; sourceTree = "<group>"; };
		58EB410E1805133A006ACDEC /* ADAppDelegate.h */ = {isa = PBXFileReference; lastKnownFileType = sourcecode.c.h; path = ADAppDelegate.h; sourceTree = "<group>"; };
		58EB410F1805133A006ACDEC /* ADAppDelegate.m */ = {isa = PBXFileReference; lastKnownFileType = sourcecode.c.objc; path = ADAppDelegate.m; sourceTree = "<group>"; };
		58EB41111805133A006ACDEC /* Default.png */ = {isa = PBXFileReference; lastKnownFileType = image.png; path = Default.png; sourceTree = "<group>"; };
		58EB41131805133A006ACDEC /* Default@2x.png */ = {isa = PBXFileReference; lastKnownFileType = image.png; path = "Default@2x.png"; sourceTree = "<group>"; };
		58EB41151805133A006ACDEC /* Default-568h@2x.png */ = {isa = PBXFileReference; lastKnownFileType = image.png; path = "Default-568h@2x.png"; sourceTree = "<group>"; };
		58EB411C1805133A006ACDEC /* ADGuestListTests.octest */ = {isa = PBXFileReference; explicitFileType = wrapper.cfbundle; includeInIndex = 0; path = ADGuestListTests.octest; sourceTree = BUILT_PRODUCTS_DIR; };
		58EB411D1805133A006ACDEC /* SenTestingKit.framework */ = {isa = PBXFileReference; lastKnownFileType = wrapper.framework; name = SenTestingKit.framework; path = Library/Frameworks/SenTestingKit.framework; sourceTree = DEVELOPER_DIR; };
		58EB41251805133A006ACDEC /* ADGuestListTests-Info.plist */ = {isa = PBXFileReference; lastKnownFileType = text.plist.xml; path = "ADGuestListTests-Info.plist"; sourceTree = "<group>"; };
		58EB41271805133A006ACDEC /* en */ = {isa = PBXFileReference; lastKnownFileType = text.plist.strings; name = en; path = en.lproj/InfoPlist.strings; sourceTree = "<group>"; };
		58EB41291805133A006ACDEC /* ADGuestListTests.h */ = {isa = PBXFileReference; lastKnownFileType = sourcecode.c.h; path = ADGuestListTests.h; sourceTree = "<group>"; };
		58EB412A1805133A006ACDEC /* ADGuestListTests.m */ = {isa = PBXFileReference; lastKnownFileType = sourcecode.c.objc; path = ADGuestListTests.m; sourceTree = "<group>"; };
		58EB4134180513B8006ACDEC /* ADItemsViewController.h */ = {isa = PBXFileReference; fileEncoding = 4; lastKnownFileType = sourcecode.c.h; path = ADItemsViewController.h; sourceTree = "<group>"; };
		58EB4135180513B8006ACDEC /* ADItemsViewController.m */ = {isa = PBXFileReference; fileEncoding = 4; lastKnownFileType = sourcecode.c.objc; path = ADItemsViewController.m; sourceTree = "<group>"; };
		58EB4137180515AC006ACDEC /* ADGuestItem.h */ = {isa = PBXFileReference; fileEncoding = 4; lastKnownFileType = sourcecode.c.h; path = ADGuestItem.h; sourceTree = "<group>"; };
		58EB4138180515AC006ACDEC /* ADGuestItem.m */ = {isa = PBXFileReference; fileEncoding = 4; lastKnownFileType = sourcecode.c.objc; path = ADGuestItem.m; sourceTree = "<group>"; };
		58EB413B180516AA006ACDEC /* ADGuestStore.h */ = {isa = PBXFileReference; fileEncoding = 4; lastKnownFileType = sourcecode.c.h; path = ADGuestStore.h; sourceTree = "<group>"; };
		58EB413C180516AA006ACDEC /* ADGuestStore.m */ = {isa = PBXFileReference; fileEncoding = 4; lastKnownFileType = sourcecode.c.objc; path = ADGuestStore.m; sourceTree = "<group>"; };
		58EB415F180CCD44006ACDEC /* ADDetailViewController.h */ = {isa = PBXFileReference; fileEncoding = 4; lastKnownFileType = sourcecode.c.h; path = ADDetailViewController.h; sourceTree = "<group>"; };
		58EB4160180CCD44006ACDEC /* ADDetailViewController.m */ = {isa = PBXFileReference; fileEncoding = 4; lastKnownFileType = sourcecode.c.objc; path = ADDetailViewController.m; sourceTree = "<group>"; };
		58EB4161180CCD44006ACDEC /* ADDetailViewController.xib */ = {isa = PBXFileReference; fileEncoding = 4; lastKnownFileType = file.xib; path = ADDetailViewController.xib; sourceTree = "<group>"; };
		58EB4164180E528E006ACDEC /* ADImageStore.h */ = {isa = PBXFileReference; fileEncoding = 4; lastKnownFileType = sourcecode.c.h; path = ADImageStore.h; sourceTree = "<group>"; };
		58EB4165180E528E006ACDEC /* ADImageStore.m */ = {isa = PBXFileReference; fileEncoding = 4; lastKnownFileType = sourcecode.c.objc; path = ADImageStore.m; sourceTree = "<group>"; };
/* End PBXFileReference section */

/* Begin PBXFrameworksBuildPhase section */
		58EB40F91805133A006ACDEC /* Frameworks */ = {
			isa = PBXFrameworksBuildPhase;
			buildActionMask = 2147483647;
			files = (
				581792941811196D002F381C /* libz.dylib in Frameworks */,
				58EB41001805133A006ACDEC /* UIKit.framework in Frameworks */,
				58EB41021805133A006ACDEC /* Foundation.framework in Frameworks */,
				58EB41041805133A006ACDEC /* CoreGraphics.framework in Frameworks */,
				58179290181118FC002F381C /* libTestFlight.a in Frameworks */,
			);
			runOnlyForDeploymentPostprocessing = 0;
		};
		58EB41181805133A006ACDEC /* Frameworks */ = {
			isa = PBXFrameworksBuildPhase;
			buildActionMask = 2147483647;
			files = (
				58EB411E1805133A006ACDEC /* SenTestingKit.framework in Frameworks */,
				58EB411F1805133A006ACDEC /* UIKit.framework in Frameworks */,
				58EB41201805133A006ACDEC /* Foundation.framework in Frameworks */,
			);
			runOnlyForDeploymentPostprocessing = 0;
		};
/* End PBXFrameworksBuildPhase section */

/* Begin PBXGroup section */
		58179289181118FC002F381C /* TestFlightSDK */ = {
			isa = PBXGroup;
			children = (
				5817928A181118FC002F381C /* libTestFlight.a */,
				5817928B181118FC002F381C /* README.md */,
				5817928C181118FC002F381C /* release_notes.md */,
				5817928D181118FC002F381C /* TestFlight+AsyncLogging.h */,
				5817928E181118FC002F381C /* TestFlight+ManualSessions.h */,
				5817928F181118FC002F381C /* TestFlight.h */,
			);
			path = TestFlightSDK;
			sourceTree = SOURCE_ROOT;
		};
		58EB40F31805133A006ACDEC = {
			isa = PBXGroup;
			children = (
				58EB41051805133A006ACDEC /* ADGuestList */,
				58EB41231805133A006ACDEC /* ADGuestListTests */,
				58179289181118FC002F381C /* TestFlightSDK */,
				58EB40FE1805133A006ACDEC /* Frameworks */,
				58EB40FD1805133A006ACDEC /* Products */,
			);
			sourceTree = "<group>";
		};
		58EB40FD1805133A006ACDEC /* Products */ = {
			isa = PBXGroup;
			children = (
				58EB40FC1805133A006ACDEC /* ADGuestList.app */,
				58EB411C1805133A006ACDEC /* ADGuestListTests.octest */,
			);
			name = Products;
			sourceTree = "<group>";
		};
		58EB40FE1805133A006ACDEC /* Frameworks */ = {
			isa = PBXGroup;
			children = (
				581792931811196D002F381C /* libz.dylib */,
				58EB40FF1805133A006ACDEC /* UIKit.framework */,
				58EB41011805133A006ACDEC /* Foundation.framework */,
				58EB41031805133A006ACDEC /* CoreGraphics.framework */,
				58EB411D1805133A006ACDEC /* SenTestingKit.framework */,
			);
			name = Frameworks;
			sourceTree = "<group>";
		};
		58EB41051805133A006ACDEC /* ADGuestList */ = {
			isa = PBXGroup;
			children = (
				58EB4134180513B8006ACDEC /* ADItemsViewController.h */,
				58EB4135180513B8006ACDEC /* ADItemsViewController.m */,
				58EB410E1805133A006ACDEC /* ADAppDelegate.h */,
				58EB410F1805133A006ACDEC /* ADAppDelegate.m */,
				58EB415F180CCD44006ACDEC /* ADDetailViewController.h */,
				58EB4160180CCD44006ACDEC /* ADDetailViewController.m */,
				58EB4164180E528E006ACDEC /* ADImageStore.h */,
				58EB4165180E528E006ACDEC /* ADImageStore.m */,
				58EB4161180CCD44006ACDEC /* ADDetailViewController.xib */,
				58EB4137180515AC006ACDEC /* ADGuestItem.h */,
				58EB4138180515AC006ACDEC /* ADGuestItem.m */,
				58EB413B180516AA006ACDEC /* ADGuestStore.h */,
				58EB413C180516AA006ACDEC /* ADGuestStore.m */,
				58EB41061805133A006ACDEC /* Supporting Files */,
			);
			path = ADGuestList;
			sourceTree = "<group>";
		};
		58EB41061805133A006ACDEC /* Supporting Files */ = {
			isa = PBXGroup;
			children = (
				58EB41071805133A006ACDEC /* ADGuestList-Info.plist */,
				58EB41081805133A006ACDEC /* InfoPlist.strings */,
				58EB410B1805133A006ACDEC /* main.m */,
				58EB410D1805133A006ACDEC /* ADGuestList-Prefix.pch */,
				58EB41111805133A006ACDEC /* Default.png */,
				58EB41131805133A006ACDEC /* Default@2x.png */,
				58EB41151805133A006ACDEC /* Default-568h@2x.png */,
			);
			name = "Supporting Files";
			sourceTree = "<group>";
		};
		58EB41231805133A006ACDEC /* ADGuestListTests */ = {
			isa = PBXGroup;
			children = (
				58EB41291805133A006ACDEC /* ADGuestListTests.h */,
				58EB412A1805133A006ACDEC /* ADGuestListTests.m */,
				58EB41241805133A006ACDEC /* Supporting Files */,
			);
			path = ADGuestListTests;
			sourceTree = "<group>";
		};
		58EB41241805133A006ACDEC /* Supporting Files */ = {
			isa = PBXGroup;
			children = (
				58EB41251805133A006ACDEC /* ADGuestListTests-Info.plist */,
				58EB41261805133A006ACDEC /* InfoPlist.strings */,
			);
			name = "Supporting Files";
			sourceTree = "<group>";
		};
/* End PBXGroup section */

/* Begin PBXNativeTarget section */
		58EB40FB1805133A006ACDEC /* ADGuestList */ = {
			isa = PBXNativeTarget;
			buildConfigurationList = 58EB412E1805133A006ACDEC /* Build configuration list for PBXNativeTarget "ADGuestList" */;
			buildPhases = (
				58EB40F81805133A006ACDEC /* Sources */,
				58EB40F91805133A006ACDEC /* Frameworks */,
				58EB40FA1805133A006ACDEC /* Resources */,
			);
			buildRules = (
			);
			dependencies = (
			);
			name = ADGuestList;
			productName = ADGuestList;
			productReference = 58EB40FC1805133A006ACDEC /* ADGuestList.app */;
			productType = "com.apple.product-type.application";
		};
		58EB411B1805133A006ACDEC /* ADGuestListTests */ = {
			isa = PBXNativeTarget;
			buildConfigurationList = 58EB41311805133A006ACDEC /* Build configuration list for PBXNativeTarget "ADGuestListTests" */;
			buildPhases = (
				58EB41171805133A006ACDEC /* Sources */,
				58EB41181805133A006ACDEC /* Frameworks */,
				58EB41191805133A006ACDEC /* Resources */,
				58EB411A1805133A006ACDEC /* ShellScript */,
			);
			buildRules = (
			);
			dependencies = (
				58EB41221805133A006ACDEC /* PBXTargetDependency */,
			);
			name = ADGuestListTests;
			productName = ADGuestListTests;
			productReference = 58EB411C1805133A006ACDEC /* ADGuestListTests.octest */;
			productType = "com.apple.product-type.bundle";
		};
/* End PBXNativeTarget section */

/* Begin PBXProject section */
		58EB40F41805133A006ACDEC /* Project object */ = {
			isa = PBXProject;
			attributes = {
				CLASSPREFIX = AD;
				LastUpgradeCheck = 0460;
				ORGANIZATIONNAME = ADT;
				TargetAttributes = {
					58EB40FB1805133A006ACDEC = {
						DevelopmentTeam = XT54A96D95;
					};
				};
			};
			buildConfigurationList = 58EB40F71805133A006ACDEC /* Build configuration list for PBXProject "ADGuestList" */;
			compatibilityVersion = "Xcode 3.2";
			developmentRegion = English;
			hasScannedForEncodings = 0;
			knownRegions = (
				en,
			);
			mainGroup = 58EB40F31805133A006ACDEC;
			productRefGroup = 58EB40FD1805133A006ACDEC /* Products */;
			projectDirPath = "";
			projectRoot = "";
			targets = (
				58EB40FB1805133A006ACDEC /* ADGuestList */,
				58EB411B1805133A006ACDEC /* ADGuestListTests */,
			);
		};
/* End PBXProject section */

/* Begin PBXResourcesBuildPhase section */
		58EB40FA1805133A006ACDEC /* Resources */ = {
			isa = PBXResourcesBuildPhase;
			buildActionMask = 2147483647;
			files = (
				58179291181118FC002F381C /* README.md in Resources */,
				58EB410A1805133A006ACDEC /* InfoPlist.strings in Resources */,
				58EB41121805133A006ACDEC /* Default.png in Resources */,
				58EB41141805133A006ACDEC /* Default@2x.png in Resources */,
				58179292181118FC002F381C /* release_notes.md in Resources */,
				58EB41161805133A006ACDEC /* Default-568h@2x.png in Resources */,
				58EB4163180CCD45006ACDEC /* ADDetailViewController.xib in Resources */,
			);
			runOnlyForDeploymentPostprocessing = 0;
		};
		58EB41191805133A006ACDEC /* Resources */ = {
			isa = PBXResourcesBuildPhase;
			buildActionMask = 2147483647;
			files = (
				58EB41281805133A006ACDEC /* InfoPlist.strings in Resources */,
			);
			runOnlyForDeploymentPostprocessing = 0;
		};
/* End PBXResourcesBuildPhase section */

/* Begin PBXShellScriptBuildPhase section */
		58EB411A1805133A006ACDEC /* ShellScript */ = {
			isa = PBXShellScriptBuildPhase;
			buildActionMask = 2147483647;
			files = (
			);
			inputPaths = (
			);
			outputPaths = (
			);
			runOnlyForDeploymentPostprocessing = 0;
			shellPath = /bin/sh;
			shellScript = "# Run the unit tests in this test bundle.\n\"${SYSTEM_DEVELOPER_DIR}/Tools/RunUnitTests\"\n";
		};
/* End PBXShellScriptBuildPhase section */

/* Begin PBXSourcesBuildPhase section */
		58EB40F81805133A006ACDEC /* Sources */ = {
			isa = PBXSourcesBuildPhase;
			buildActionMask = 2147483647;
			files = (
				58EB410C1805133A006ACDEC /* main.m in Sources */,
				58EB41101805133A006ACDEC /* ADAppDelegate.m in Sources */,
				58EB4136180513B8006ACDEC /* ADItemsViewController.m in Sources */,
				58EB4139180515AC006ACDEC /* ADGuestItem.m in Sources */,
				58EB413D180516AA006ACDEC /* ADGuestStore.m in Sources */,
				58EB4162180CCD45006ACDEC /* ADDetailViewController.m in Sources */,
				58EB4166180E528E006ACDEC /* ADImageStore.m in Sources */,
			);
			runOnlyForDeploymentPostprocessing = 0;
		};
		58EB41171805133A006ACDEC /* Sources */ = {
			isa = PBXSourcesBuildPhase;
			buildActionMask = 2147483647;
			files = (
				58EB412B1805133A006ACDEC /* ADGuestListTests.m in Sources */,
				58EB413A180515AC006ACDEC /* ADGuestItem.m in Sources */,
				58EB413E180516AA006ACDEC /* ADGuestStore.m in Sources */,
			);
			runOnlyForDeploymentPostprocessing = 0;
		};
/* End PBXSourcesBuildPhase section */

/* Begin PBXTargetDependency section */
		58EB41221805133A006ACDEC /* PBXTargetDependency */ = {
			isa = PBXTargetDependency;
			target = 58EB40FB1805133A006ACDEC /* ADGuestList */;
			targetProxy = 58EB41211805133A006ACDEC /* PBXContainerItemProxy */;
		};
/* End PBXTargetDependency section */

/* Begin PBXVariantGroup section */
		58EB41081805133A006ACDEC /* InfoPlist.strings */ = {
			isa = PBXVariantGroup;
			children = (
				58EB41091805133A006ACDEC /* en */,
			);
			name = InfoPlist.strings;
			sourceTree = "<group>";
		};
		58EB41261805133A006ACDEC /* InfoPlist.strings */ = {
			isa = PBXVariantGroup;
			children = (
				58EB41271805133A006ACDEC /* en */,
			);
			name = InfoPlist.strings;
			sourceTree = "<group>";
		};
/* End PBXVariantGroup section */

/* Begin XCBuildConfiguration section */
		58EB412C1805133A006ACDEC /* Debug */ = {
			isa = XCBuildConfiguration;
			buildSettings = {
				ALWAYS_SEARCH_USER_PATHS = NO;
				CLANG_CXX_LANGUAGE_STANDARD = "gnu++0x";
				CLANG_CXX_LIBRARY = "libc++";
				CLANG_ENABLE_OBJC_ARC = YES;
				CLANG_WARN_CONSTANT_CONVERSION = YES;
				CLANG_WARN_EMPTY_BODY = YES;
				CLANG_WARN_ENUM_CONVERSION = YES;
				CLANG_WARN_INT_CONVERSION = YES;
				CLANG_WARN__DUPLICATE_METHOD_MATCH = YES;
				"CODE_SIGN_IDENTITY[sdk=iphoneos*]" = "iPhone Developer";
				COPY_PHASE_STRIP = NO;
				GCC_C_LANGUAGE_STANDARD = gnu99;
				GCC_DYNAMIC_NO_PIC = NO;
				GCC_OPTIMIZATION_LEVEL = 0;
				GCC_PREPROCESSOR_DEFINITIONS = (
					"DEBUG=1",
					"$(inherited)",
				);
				GCC_SYMBOLS_PRIVATE_EXTERN = NO;
				GCC_WARN_ABOUT_RETURN_TYPE = YES;
				GCC_WARN_UNINITIALIZED_AUTOS = YES;
				GCC_WARN_UNUSED_VARIABLE = YES;
				IPHONEOS_DEPLOYMENT_TARGET = 6.1;
				ONLY_ACTIVE_ARCH = YES;
				SDKROOT = iphoneos;
				TARGETED_DEVICE_FAMILY = "1,2";
			};
			name = Debug;
		};
		58EB412D1805133A006ACDEC /* Release */ = {
			isa = XCBuildConfiguration;
			buildSettings = {
				ALWAYS_SEARCH_USER_PATHS = NO;
				CLANG_CXX_LANGUAGE_STANDARD = "gnu++0x";
				CLANG_CXX_LIBRARY = "libc++";
				CLANG_ENABLE_OBJC_ARC = YES;
				CLANG_WARN_CONSTANT_CONVERSION = YES;
				CLANG_WARN_EMPTY_BODY = YES;
				CLANG_WARN_ENUM_CONVERSION = YES;
				CLANG_WARN_INT_CONVERSION = YES;
				CLANG_WARN__DUPLICATE_METHOD_MATCH = YES;
				"CODE_SIGN_IDENTITY[sdk=iphoneos*]" = "iPhone Developer";
				COPY_PHASE_STRIP = YES;
				GCC_C_LANGUAGE_STANDARD = gnu99;
				GCC_WARN_ABOUT_RETURN_TYPE = YES;
				GCC_WARN_UNINITIALIZED_AUTOS = YES;
				GCC_WARN_UNUSED_VARIABLE = YES;
				IPHONEOS_DEPLOYMENT_TARGET = 6.1;
				OTHER_CFLAGS = "-DNS_BLOCK_ASSERTIONS=1";
				SDKROOT = iphoneos;
				TARGETED_DEVICE_FAMILY = "1,2";
				VALIDATE_PRODUCT = YES;
			};
			name = Release;
		};
		58EB412F1805133A006ACDEC /* Debug */ = {
			isa = XCBuildConfiguration;
			buildSettings = {
				CODE_SIGN_IDENTITY = "iPhone Developer";
				"CODE_SIGN_IDENTITY[sdk=iphoneos*]" = "iPhone Developer";
				GCC_PRECOMPILE_PREFIX_HEADER = YES;
				GCC_PREFIX_HEADER = "ADGuestList/ADGuestList-Prefix.pch";
				INFOPLIST_FILE = "ADGuestList/ADGuestList-Info.plist";
				LIBRARY_SEARCH_PATHS = (
					"$(inherited)",
					/Users/ado/src/ios/ADGuestList/TestFlightSDK,
				);
				PRODUCT_NAME = "$(TARGET_NAME)";
				PROVISIONING_PROFILE = "";
				WRAPPER_EXTENSION = app;
			};
			name = Debug;
		};
		58EB41301805133A006ACDEC /* Release */ = {
			isa = XCBuildConfiguration;
			buildSettings = {
				CODE_SIGN_IDENTITY = "iPhone Developer";
				"CODE_SIGN_IDENTITY[sdk=iphoneos*]" = "iPhone Developer";
				GCC_PRECOMPILE_PREFIX_HEADER = YES;
				GCC_PREFIX_HEADER = "ADGuestList/ADGuestList-Prefix.pch";
				INFOPLIST_FILE = "ADGuestList/ADGuestList-Info.plist";
				LIBRARY_SEARCH_PATHS = (
					"$(inherited)",
					/Users/ado/src/ios/ADGuestList/TestFlightSDK,
				);
				PRODUCT_NAME = "$(TARGET_NAME)";
				PROVISIONING_PROFILE = "";
				WRAPPER_EXTENSION = app;
			};
			name = Release;
		};
		58EB41321805133A006ACDEC /* Debug */ = {
			isa = XCBuildConfiguration;
			buildSettings = {
				BUNDLE_LOADER = "$(BUILT_PRODUCTS_DIR)/ADGuestList.app/ADGuestList";
				FRAMEWORK_SEARCH_PATHS = (
					"\"$(SDKROOT)/Developer/Library/Frameworks\"",
					"\"$(DEVELOPER_LIBRARY_DIR)/Frameworks\"",
				);
				GCC_PRECOMPILE_PREFIX_HEADER = YES;
				GCC_PREFIX_HEADER = "ADGuestList/ADGuestList-Prefix.pch";
				INFOPLIST_FILE = "ADGuestListTests/ADGuestListTests-Info.plist";
				PRODUCT_NAME = "$(TARGET_NAME)";
				TEST_HOST = "$(BUNDLE_LOADER)";
				WRAPPER_EXTENSION = octest;
			};
			name = Debug;
		};
		58EB41331805133A006ACDEC /* Release */ = {
			isa = XCBuildConfiguration;
			buildSettings = {
				BUNDLE_LOADER = "$(BUILT_PRODUCTS_DIR)/ADGuestList.app/ADGuestList";
				FRAMEWORK_SEARCH_PATHS = (
					"\"$(SDKROOT)/Developer/Library/Frameworks\"",
					"\"$(DEVELOPER_LIBRARY_DIR)/Frameworks\"",
				);
				GCC_PRECOMPILE_PREFIX_HEADER = YES;
				GCC_PREFIX_HEADER = "ADGuestList/ADGuestList-Prefix.pch";
				INFOPLIST_FILE = "ADGuestListTests/ADGuestListTests-Info.plist";
				PRODUCT_NAME = "$(TARGET_NAME)";
				TEST_HOST = "$(BUNDLE_LOADER)";
				WRAPPER_EXTENSION = octest;
			};
			name = Release;
		};
/* End XCBuildConfiguration section */

/* Begin XCConfigurationList section */
		58EB40F71805133A006ACDEC /* Build configuration list for PBXProject "ADGuestList" */ = {
			isa = XCConfigurationList;
			buildConfigurations = (
				58EB412C1805133A006ACDEC /* Debug */,
				58EB412D1805133A006ACDEC /* Release */,
			);
			defaultConfigurationIsVisible = 0;
			defaultConfigurationName = Release;
		};
		58EB412E1805133A006ACDEC /* Build configuration list for PBXNativeTarget "ADGuestList" */ = {
			isa = XCConfigurationList;
			buildConfigurations = (
				58EB412F1805133A006ACDEC /* Debug */,
				58EB41301805133A006ACDEC /* Release */,
			);
			defaultConfigurationIsVisible = 0;
			defaultConfigurationName = Release;
		};
		58EB41311805133A006ACDEC /* Build configuration list for PBXNativeTarget "ADGuestListTests" */ = {
			isa = XCConfigurationList;
			buildConfigurations = (
				58EB41321805133A006ACDEC /* Debug */,
				58EB41331805133A006ACDEC /* Release */,
			);
			defaultConfigurationIsVisible = 0;
			defaultConfigurationName = Release;
		};
/* End XCConfigurationList section */
	};
	rootObject = 58EB40F41805133A006ACDEC /* Project object */;
}
